
Microsoft Visual Studio Solution File, Format Version 12.00
# Visual Studio Version 16
VisualStudioVersion = 16.0.30523.141
MinimumVisualStudioVersion = 10.0.40219.1
Project("{FAE04EC0-301F-11D3-BF4B-00C04F79EFBC}") = "Taller1", "Taller1\Taller1.csproj", "{86821C64-D926-4D5C-80AF-2AD5F9D786F2}"
EndProject
Global
	GlobalSection(SolutionConfigurationPlatforms) = preSolution
		Debug|Any CPU = Debug|Any CPU
		Release|Any CPU = Release|Any CPU
	EndGlobalSection
	GlobalSection(ProjectConfigurationPlatforms) = postSolution
		{86821C64-D926-4D5C-80AF-2AD5F9D786F2}.Debug|Any CPU.ActiveCfg = Debug|Any CPU
		{86821C64-D926-4D5C-80AF-2AD5F9D786F2}.Debug|Any CPU.Build.0 = Debug|Any CPU
		{86821C64-D926-4D5C-80AF-2AD5F9D786F2}.Release|Any CPU.ActiveCfg = Release|Any CPU
		{86821C64-D926-4D5C-80AF-2AD5F9D786F2}.Release|Any CPU.Build.0 = Release|Any CPU
	EndGlobalSection
	GlobalSection(SolutionProperties) = preSolution
		HideSolutionNode = FALSE
	EndGlobalSection
	GlobalSection(ExtensibilityGlobals) = postSolution
		SolutionGuid = {8C7813DC-18FF-469B-A941-7D3F904B1A81}
	EndGlobalSection
EndGlobal
